
Microsoft Visual Studio Solution File, Format Version 12.00
# Visual Studio Version 16
VisualStudioVersion = 16.0.32630.194
MinimumVisualStudioVersion = 10.0.40219.1
Project("{FAE04EC0-301F-11D3-BF4B-00C04F79EFBC}") = "task1_2", "task1\task1_2.csproj", "{6DAAB1EB-20A3-4C64-BDD2-494E034DF802}"
EndProject
Project("{FAE04EC0-301F-11D3-BF4B-00C04F79EFBC}") = "task3", "..\task2\task2\task3.csproj", "{B4F2AF41-99F0-4477-8E38-FC7846B5B09B}"
EndProject
Project("{FAE04EC0-301F-11D3-BF4B-00C04F79EFBC}") = "task4", "task3\task4.csproj", "{EAD53158-3DFF-4474-B01F-1627FF89FD2B}"
EndProject
Project("{FAE04EC0-301F-11D3-BF4B-00C04F79EFBC}") = "task5", "task4\task5.csproj", "{C0804F0C-753D-43DB-81A0-EFA6A4DB4572}"
EndProject
Project("{FAE04EC0-301F-11D3-BF4B-00C04F79EFBC}") = "task6.1", "task6.1\task6.1.csproj", "{2A625F97-5C92-480A-8EF8-DBE5C2C01559}"
EndProject
Project("{FAE04EC0-301F-11D3-BF4B-00C04F79EFBC}") = "task6.2", "task6.2\task6.2.csproj", "{DA6DD9A0-42BF-4676-AA55-579EB4A010B9}"
EndProject
Project("{FAE04EC0-301F-11D3-BF4B-00C04F79EFBC}") = "task6.3", "task6.3\task6.3.csproj", "{3E3189D3-5B5F-40A6-8221-71AD683A0546}"
EndProject
Project("{FAE04EC0-301F-11D3-BF4B-00C04F79EFBC}") = "task7.1", "task7.1\task7.1.csproj", "{5F870135-73AA-405F-BA88-5A4D06E01041}"
EndProject
Project("{FAE04EC0-301F-11D3-BF4B-00C04F79EFBC}") = "task7.2", "task7.2\task7.2.csproj", "{FBC722BC-083F-4FE3-B233-3DF6EE70110A}"
EndProject
Project("{FAE04EC0-301F-11D3-BF4B-00C04F79EFBC}") = "task7.3", "task7.3\task7.3.csproj", "{BA9A1DA4-D37D-4109-8896-C4B88E37AC48}"
EndProject
Project("{FAE04EC0-301F-11D3-BF4B-00C04F79EFBC}") = "task7.4", "task7.4\task7.4.csproj", "{D51B322A-B193-4B0A-901F-B93039F58130}"
EndProject
Project("{FAE04EC0-301F-11D3-BF4B-00C04F79EFBC}") = "task7.5", "task7.5\task7.5.csproj", "{461104F4-C8E2-429E-AA3F-1794941A517B}"
EndProject
Project("{FAE04EC0-301F-11D3-BF4B-00C04F79EFBC}") = "task7.6", "task7.6\task7.6.csproj", "{262741E6-FCAE-46D9-AF38-EA171C05AD16}"
EndProject
Project("{FAE04EC0-301F-11D3-BF4B-00C04F79EFBC}") = "task8", "task8\task8.csproj", "{83A0150F-A2A2-4F2C-ACB3-D432F515077A}"
EndProject
Project("{FAE04EC0-301F-11D3-BF4B-00C04F79EFBC}") = "task9", "task9\task9.csproj", "{6A8BDF09-F8C2-4D10-9D52-17AD35919FB9}"
EndProject
Project("{FAE04EC0-301F-11D3-BF4B-00C04F79EFBC}") = "task10", "task10\task10.csproj", "{E0C4E4CE-CC7B-4FB3-9791-BA40F5E8501E}"
EndProject
Project("{FAE04EC0-301F-11D3-BF4B-00C04F79EFBC}") = "task11", "task11\task11.csproj", "{7C5C496D-9D28-431D-AD41-751A4021E0E6}"
EndProject
Project("{FAE04EC0-301F-11D3-BF4B-00C04F79EFBC}") = "task12", "task12\task12.csproj", "{C55DD623-C095-43CD-9270-D4D666608DEC}"
EndProject
Project("{FAE04EC0-301F-11D3-BF4B-00C04F79EFBC}") = "task13", "task13\task13.csproj", "{31886BC3-5A7C-4CC1-96A5-891895D954FE}"
EndProject
Project("{FAE04EC0-301F-11D3-BF4B-00C04F79EFBC}") = "task18", "task18\task18.csproj", "{7B86CB5E-C8F2-46AE-8B12-CEBDC5D72DBE}"
EndProject
Project("{FAE04EC0-301F-11D3-BF4B-00C04F79EFBC}") = "task20", "task20\task20.csproj", "{5738653E-E795-4346-9334-D265E09D6E2C}"
EndProject
Project("{FAE04EC0-301F-11D3-BF4B-00C04F79EFBC}") = "task21", "task21\task21.csproj", "{4E8D5D1C-1016-4D07-8F2E-5F2BF2095F8C}"
EndProject
Project("{FAE04EC0-301F-11D3-BF4B-00C04F79EFBC}") = "task22", "task22\task22.csproj", "{FDDF80AF-453E-408B-974F-1D8FE161C375}"
EndProject
Project("{FAE04EC0-301F-11D3-BF4B-00C04F79EFBC}") = "task24", "task24\task24.csproj", "{003C727E-E517-450C-AD88-6D207107234F}"
EndProject
Project("{FAE04EC0-301F-11D3-BF4B-00C04F79EFBC}") = "task25", "task25\task25.csproj", "{A0B2DF73-6286-4A33-836D-157707B3F15D}"
EndProject
Global
	GlobalSection(SolutionConfigurationPlatforms) = preSolution
		Debug|Any CPU = Debug|Any CPU
		Release|Any CPU = Release|Any CPU
	EndGlobalSection
	GlobalSection(ProjectConfigurationPlatforms) = postSolution
		{6DAAB1EB-20A3-4C64-BDD2-494E034DF802}.Debug|Any CPU.ActiveCfg = Debug|Any CPU
		{6DAAB1EB-20A3-4C64-BDD2-494E034DF802}.Debug|Any CPU.Build.0 = Debug|Any CPU
		{6DAAB1EB-20A3-4C64-BDD2-494E034DF802}.Release|Any CPU.ActiveCfg = Release|Any CPU
		{6DAAB1EB-20A3-4C64-BDD2-494E034DF802}.Release|Any CPU.Build.0 = Release|Any CPU
		{B4F2AF41-99F0-4477-8E38-FC7846B5B09B}.Debug|Any CPU.ActiveCfg = Debug|Any CPU
		{B4F2AF41-99F0-4477-8E38-FC7846B5B09B}.Debug|Any CPU.Build.0 = Debug|Any CPU
		{B4F2AF41-99F0-4477-8E38-FC7846B5B09B}.Release|Any CPU.ActiveCfg = Release|Any CPU
		{B4F2AF41-99F0-4477-8E38-FC7846B5B09B}.Release|Any CPU.Build.0 = Release|Any CPU
		{EAD53158-3DFF-4474-B01F-1627FF89FD2B}.Debug|Any CPU.ActiveCfg = Debug|Any CPU
		{EAD53158-3DFF-4474-B01F-1627FF89FD2B}.Debug|Any CPU.Build.0 = Debug|Any CPU
		{EAD53158-3DFF-4474-B01F-1627FF89FD2B}.Release|Any CPU.ActiveCfg = Release|Any CPU
		{EAD53158-3DFF-4474-B01F-1627FF89FD2B}.Release|Any CPU.Build.0 = Release|Any CPU
		{C0804F0C-753D-43DB-81A0-EFA6A4DB4572}.Debug|Any CPU.ActiveCfg = Debug|Any CPU
		{C0804F0C-753D-43DB-81A0-EFA6A4DB4572}.Debug|Any CPU.Build.0 = Debug|Any CPU
		{C0804F0C-753D-43DB-81A0-EFA6A4DB4572}.Release|Any CPU.ActiveCfg = Release|Any CPU
		{C0804F0C-753D-43DB-81A0-EFA6A4DB4572}.Release|Any CPU.Build.0 = Release|Any CPU
		{2A625F97-5C92-480A-8EF8-DBE5C2C01559}.Debug|Any CPU.ActiveCfg = Debug|Any CPU
		{2A625F97-5C92-480A-8EF8-DBE5C2C01559}.Debug|Any CPU.Build.0 = Debug|Any CPU
		{2A625F97-5C92-480A-8EF8-DBE5C2C01559}.Release|Any CPU.ActiveCfg = Release|Any CPU
		{2A625F97-5C92-480A-8EF8-DBE5C2C01559}.Release|Any CPU.Build.0 = Release|Any CPU
		{DA6DD9A0-42BF-4676-AA55-579EB4A010B9}.Debug|Any CPU.ActiveCfg = Debug|Any CPU
		{DA6DD9A0-42BF-4676-AA55-579EB4A010B9}.Debug|Any CPU.Build.0 = Debug|Any CPU
		{DA6DD9A0-42BF-4676-AA55-579EB4A010B9}.Release|Any CPU.ActiveCfg = Release|Any CPU
		{DA6DD9A0-42BF-4676-AA55-579EB4A010B9}.Release|Any CPU.Build.0 = Release|Any CPU
		{3E3189D3-5B5F-40A6-8221-71AD683A0546}.Debug|Any CPU.ActiveCfg = Debug|Any CPU
		{3E3189D3-5B5F-40A6-8221-71AD683A0546}.Debug|Any CPU.Build.0 = Debug|Any CPU
		{3E3189D3-5B5F-40A6-8221-71AD683A0546}.Release|Any CPU.ActiveCfg = Release|Any CPU
		{3E3189D3-5B5F-40A6-8221-71AD683A0546}.Release|Any CPU.Build.0 = Release|Any CPU
		{5F870135-73AA-405F-BA88-5A4D06E01041}.Debug|Any CPU.ActiveCfg = Debug|Any CPU
		{5F870135-73AA-405F-BA88-5A4D06E01041}.Debug|Any CPU.Build.0 = Debug|Any CPU
		{5F870135-73AA-405F-BA88-5A4D06E01041}.Release|Any CPU.ActiveCfg = Release|Any CPU
		{5F870135-73AA-405F-BA88-5A4D06E01041}.Release|Any CPU.Build.0 = Release|Any CPU
		{FBC722BC-083F-4FE3-B233-3DF6EE70110A}.Debug|Any CPU.ActiveCfg = Debug|Any CPU
		{FBC722BC-083F-4FE3-B233-3DF6EE70110A}.Debug|Any CPU.Build.0 = Debug|Any CPU
		{FBC722BC-083F-4FE3-B233-3DF6EE70110A}.Release|Any CPU.ActiveCfg = Release|Any CPU
		{FBC722BC-083F-4FE3-B233-3DF6EE70110A}.Release|Any CPU.Build.0 = Release|Any CPU
		{BA9A1DA4-D37D-4109-8896-C4B88E37AC48}.Debug|Any CPU.ActiveCfg = Debug|Any CPU
		{BA9A1DA4-D37D-4109-8896-C4B88E37AC48}.Debug|Any CPU.Build.0 = Debug|Any CPU
		{BA9A1DA4-D37D-4109-8896-C4B88E37AC48}.Release|Any CPU.ActiveCfg = Release|Any CPU
		{BA9A1DA4-D37D-4109-8896-C4B88E37AC48}.Release|Any CPU.Build.0 = Release|Any CPU
		{D51B322A-B193-4B0A-901F-B93039F58130}.Debug|Any CPU.ActiveCfg = Debug|Any CPU
		{D51B322A-B193-4B0A-901F-B93039F58130}.Debug|Any CPU.Build.0 = Debug|Any CPU
		{D51B322A-B193-4B0A-901F-B93039F58130}.Release|Any CPU.ActiveCfg = Release|Any CPU
		{D51B322A-B193-4B0A-901F-B93039F58130}.Release|Any CPU.Build.0 = Release|Any CPU
		{461104F4-C8E2-429E-AA3F-1794941A517B}.Debug|Any CPU.ActiveCfg = Debug|Any CPU
		{461104F4-C8E2-429E-AA3F-1794941A517B}.Debug|Any CPU.Build.0 = Debug|Any CPU
		{461104F4-C8E2-429E-AA3F-1794941A517B}.Release|Any CPU.ActiveCfg = Release|Any CPU
		{461104F4-C8E2-429E-AA3F-1794941A517B}.Release|Any CPU.Build.0 = Release|Any CPU
		{262741E6-FCAE-46D9-AF38-EA171C05AD16}.Debug|Any CPU.ActiveCfg = Debug|Any CPU
		{262741E6-FCAE-46D9-AF38-EA171C05AD16}.Debug|Any CPU.Build.0 = Debug|Any CPU
		{262741E6-FCAE-46D9-AF38-EA171C05AD16}.Release|Any CPU.ActiveCfg = Release|Any CPU
		{262741E6-FCAE-46D9-AF38-EA171C05AD16}.Release|Any CPU.Build.0 = Release|Any CPU
		{83A0150F-A2A2-4F2C-ACB3-D432F515077A}.Debug|Any CPU.ActiveCfg = Debug|Any CPU
		{83A0150F-A2A2-4F2C-ACB3-D432F515077A}.Debug|Any CPU.Build.0 = Debug|Any CPU
		{83A0150F-A2A2-4F2C-ACB3-D432F515077A}.Release|Any CPU.ActiveCfg = Release|Any CPU
		{83A0150F-A2A2-4F2C-ACB3-D432F515077A}.Release|Any CPU.Build.0 = Release|Any CPU
		{6A8BDF09-F8C2-4D10-9D52-17AD35919FB9}.Debug|Any CPU.ActiveCfg = Debug|Any CPU
		{6A8BDF09-F8C2-4D10-9D52-17AD35919FB9}.Debug|Any CPU.Build.0 = Debug|Any CPU
		{6A8BDF09-F8C2-4D10-9D52-17AD35919FB9}.Release|Any CPU.ActiveCfg = Release|Any CPU
		{6A8BDF09-F8C2-4D10-9D52-17AD35919FB9}.Release|Any CPU.Build.0 = Release|Any CPU
		{E0C4E4CE-CC7B-4FB3-9791-BA40F5E8501E}.Debug|Any CPU.ActiveCfg = Debug|Any CPU
		{E0C4E4CE-CC7B-4FB3-9791-BA40F5E8501E}.Debug|Any CPU.Build.0 = Debug|Any CPU
		{E0C4E4CE-CC7B-4FB3-9791-BA40F5E8501E}.Release|Any CPU.ActiveCfg = Release|Any CPU
		{E0C4E4CE-CC7B-4FB3-9791-BA40F5E8501E}.Release|Any CPU.Build.0 = Release|Any CPU
		{7C5C496D-9D28-431D-AD41-751A4021E0E6}.Debug|Any CPU.ActiveCfg = Debug|Any CPU
		{7C5C496D-9D28-431D-AD41-751A4021E0E6}.Debug|Any CPU.Build.0 = Debug|Any CPU
		{7C5C496D-9D28-431D-AD41-751A4021E0E6}.Release|Any CPU.ActiveCfg = Release|Any CPU
		{7C5C496D-9D28-431D-AD41-751A4021E0E6}.Release|Any CPU.Build.0 = Release|Any CPU
		{C55DD623-C095-43CD-9270-D4D666608DEC}.Debug|Any CPU.ActiveCfg = Debug|Any CPU
		{C55DD623-C095-43CD-9270-D4D666608DEC}.Debug|Any CPU.Build.0 = Debug|Any CPU
		{C55DD623-C095-43CD-9270-D4D666608DEC}.Release|Any CPU.ActiveCfg = Release|Any CPU
		{C55DD623-C095-43CD-9270-D4D666608DEC}.Release|Any CPU.Build.0 = Release|Any CPU
		{31886BC3-5A7C-4CC1-96A5-891895D954FE}.Debug|Any CPU.ActiveCfg = Debug|Any CPU
		{31886BC3-5A7C-4CC1-96A5-891895D954FE}.Debug|Any CPU.Build.0 = Debug|Any CPU
		{31886BC3-5A7C-4CC1-96A5-891895D954FE}.Release|Any CPU.ActiveCfg = Release|Any CPU
		{31886BC3-5A7C-4CC1-96A5-891895D954FE}.Release|Any CPU.Build.0 = Release|Any CPU
		{7B86CB5E-C8F2-46AE-8B12-CEBDC5D72DBE}.Debug|Any CPU.ActiveCfg = Debug|Any CPU
		{7B86CB5E-C8F2-46AE-8B12-CEBDC5D72DBE}.Debug|Any CPU.Build.0 = Debug|Any CPU
		{7B86CB5E-C8F2-46AE-8B12-CEBDC5D72DBE}.Release|Any CPU.ActiveCfg = Release|Any CPU
		{7B86CB5E-C8F2-46AE-8B12-CEBDC5D72DBE}.Release|Any CPU.Build.0 = Release|Any CPU
		{5738653E-E795-4346-9334-D265E09D6E2C}.Debug|Any CPU.ActiveCfg = Debug|Any CPU
		{5738653E-E795-4346-9334-D265E09D6E2C}.Debug|Any CPU.Build.0 = Debug|Any CPU
		{5738653E-E795-4346-9334-D265E09D6E2C}.Release|Any CPU.ActiveCfg = Release|Any CPU
		{5738653E-E795-4346-9334-D265E09D6E2C}.Release|Any CPU.Build.0 = Release|Any CPU
		{4E8D5D1C-1016-4D07-8F2E-5F2BF2095F8C}.Debug|Any CPU.ActiveCfg = Debug|Any CPU
		{4E8D5D1C-1016-4D07-8F2E-5F2BF2095F8C}.Debug|Any CPU.Build.0 = Debug|Any CPU
		{4E8D5D1C-1016-4D07-8F2E-5F2BF2095F8C}.Release|Any CPU.ActiveCfg = Release|Any CPU
		{4E8D5D1C-1016-4D07-8F2E-5F2BF2095F8C}.Release|Any CPU.Build.0 = Release|Any CPU
		{FDDF80AF-453E-408B-974F-1D8FE161C375}.Debug|Any CPU.ActiveCfg = Debug|Any CPU
		{FDDF80AF-453E-408B-974F-1D8FE161C375}.Debug|Any CPU.Build.0 = Debug|Any CPU
		{FDDF80AF-453E-408B-974F-1D8FE161C375}.Release|Any CPU.ActiveCfg = Release|Any CPU
		{FDDF80AF-453E-408B-974F-1D8FE161C375}.Release|Any CPU.Build.0 = Release|Any CPU
		{003C727E-E517-450C-AD88-6D207107234F}.Debug|Any CPU.ActiveCfg = Debug|Any CPU
		{003C727E-E517-450C-AD88-6D207107234F}.Debug|Any CPU.Build.0 = Debug|Any CPU
		{003C727E-E517-450C-AD88-6D207107234F}.Release|Any CPU.ActiveCfg = Release|Any CPU
		{003C727E-E517-450C-AD88-6D207107234F}.Release|Any CPU.Build.0 = Release|Any CPU
		{A0B2DF73-6286-4A33-836D-157707B3F15D}.Debug|Any CPU.ActiveCfg = Debug|Any CPU
		{A0B2DF73-6286-4A33-836D-157707B3F15D}.Debug|Any CPU.Build.0 = Debug|Any CPU
		{A0B2DF73-6286-4A33-836D-157707B3F15D}.Release|Any CPU.ActiveCfg = Release|Any CPU
		{A0B2DF73-6286-4A33-836D-157707B3F15D}.Release|Any CPU.Build.0 = Release|Any CPU
	EndGlobalSection
	GlobalSection(SolutionProperties) = preSolution
		HideSolutionNode = FALSE
	EndGlobalSection
	GlobalSection(ExtensibilityGlobals) = postSolution
		SolutionGuid = {25C0E976-6B67-44AC-BD87-43A24163F922}
	EndGlobalSection
EndGlobal
