
Microsoft Visual Studio Solution File, Format Version 12.00
# Visual Studio Version 16
VisualStudioVersion = 16.0.32630.194
MinimumVisualStudioVersion = 10.0.40219.1
Project("{FAE04EC0-301F-11D3-BF4B-00C04F79EFBC}") = "task1", "task1\task1.csproj", "{6DAAB1EB-20A3-4C64-BDD2-494E034DF802}"
EndProject
Project("{FAE04EC0-301F-11D3-BF4B-00C04F79EFBC}") = "task2", "..\task2\task2\task2.csproj", "{B4F2AF41-99F0-4477-8E38-FC7846B5B09B}"
EndProject
Project("{FAE04EC0-301F-11D3-BF4B-00C04F79EFBC}") = "task3", "task3\task3.csproj", "{EAD53158-3DFF-4474-B01F-1627FF89FD2B}"
EndProject
Project("{FAE04EC0-301F-11D3-BF4B-00C04F79EFBC}") = "task4", "task4\task4.csproj", "{C0804F0C-753D-43DB-81A0-EFA6A4DB4572}"
EndProject
Global
	GlobalSection(SolutionConfigurationPlatforms) = preSolution
		Debug|Any CPU = Debug|Any CPU
		Release|Any CPU = Release|Any CPU
	EndGlobalSection
	GlobalSection(ProjectConfigurationPlatforms) = postSolution
		{6DAAB1EB-20A3-4C64-BDD2-494E034DF802}.Debug|Any CPU.ActiveCfg = Debug|Any CPU
		{6DAAB1EB-20A3-4C64-BDD2-494E034DF802}.Debug|Any CPU.Build.0 = Debug|Any CPU
		{6DAAB1EB-20A3-4C64-BDD2-494E034DF802}.Release|Any CPU.ActiveCfg = Release|Any CPU
		{6DAAB1EB-20A3-4C64-BDD2-494E034DF802}.Release|Any CPU.Build.0 = Release|Any CPU
		{B4F2AF41-99F0-4477-8E38-FC7846B5B09B}.Debug|Any CPU.ActiveCfg = Debug|Any CPU
		{B4F2AF41-99F0-4477-8E38-FC7846B5B09B}.Debug|Any CPU.Build.0 = Debug|Any CPU
		{B4F2AF41-99F0-4477-8E38-FC7846B5B09B}.Release|Any CPU.ActiveCfg = Release|Any CPU
		{B4F2AF41-99F0-4477-8E38-FC7846B5B09B}.Release|Any CPU.Build.0 = Release|Any CPU
		{EAD53158-3DFF-4474-B01F-1627FF89FD2B}.Debug|Any CPU.ActiveCfg = Debug|Any CPU
		{EAD53158-3DFF-4474-B01F-1627FF89FD2B}.Debug|Any CPU.Build.0 = Debug|Any CPU
		{EAD53158-3DFF-4474-B01F-1627FF89FD2B}.Release|Any CPU.ActiveCfg = Release|Any CPU
		{EAD53158-3DFF-4474-B01F-1627FF89FD2B}.Release|Any CPU.Build.0 = Release|Any CPU
		{C0804F0C-753D-43DB-81A0-EFA6A4DB4572}.Debug|Any CPU.ActiveCfg = Debug|Any CPU
		{C0804F0C-753D-43DB-81A0-EFA6A4DB4572}.Debug|Any CPU.Build.0 = Debug|Any CPU
		{C0804F0C-753D-43DB-81A0-EFA6A4DB4572}.Release|Any CPU.ActiveCfg = Release|Any CPU
		{C0804F0C-753D-43DB-81A0-EFA6A4DB4572}.Release|Any CPU.Build.0 = Release|Any CPU
	EndGlobalSection
	GlobalSection(SolutionProperties) = preSolution
		HideSolutionNode = FALSE
	EndGlobalSection
	GlobalSection(ExtensibilityGlobals) = postSolution
		SolutionGuid = {25C0E976-6B67-44AC-BD87-43A24163F922}
	EndGlobalSection
EndGlobal
